
Microsoft Visual Studio Solution File, Format Version 12.00
# Visual Studio Version 17
VisualStudioVersion = 17.2.32526.322
MinimumVisualStudioVersion = 10.0.40219.1
Project("{FAE04EC0-301F-11D3-BF4B-00C04F79EFBC}") = "UMelusiTrack.Android", "UMelusiTrack\UMelusiTrack.Android\UMelusiTrack.Android.csproj", "{33CF2D2F-A044-465E-9F38-61444092A3ED}"
EndProject
Project("{FAE04EC0-301F-11D3-BF4B-00C04F79EFBC}") = "UMelusiTrack.iOS", "UMelusiTrack\UMelusiTrack.iOS\UMelusiTrack.iOS.csproj", "{7DA86C7B-B19F-4F8C-84E3-EF23486E53F3}"
EndProject
Project("{9A19103F-16F7-4668-BE54-9A1E7A4F7556}") = "UMelusiTrack", "UMelusiTrack\UMelusiTrack\UMelusiTrack.csproj", "{1E793F39-D252-47B4-8086-5CAE5206180E}"
EndProject
Project("{9A19103F-16F7-4668-BE54-9A1E7A4F7556}") = "UMelusiTrackApi", "UMelusiTrackApi\UMelusiTrackApi.csproj", "{C510BE0F-5476-489E-A986-4B9A593EFD3A}"
EndProject
Project("{11A8DD76-328B-46DF-9F39-F559912D0360}") = "UMelusiIOT", "UMelusiIOT\UMelusiIOT.nfproj", "{621224B9-7664-4034-B475-99EEB88FE95C}"
EndProject
Project("{9A19103F-16F7-4668-BE54-9A1E7A4F7556}") = "uMalusiShared", "uMalusiShared\uMalusiShared.csproj", "{DBB3BC42-34DB-4471-80FB-084203F6BB2C}"
EndProject
Project("{FAE04EC0-301F-11D3-BF4B-00C04F79EFBC}") = "UmalusiGeofenceSln", "UmalusiGeofenceSln\UmalusiGeofenceSln.csproj", "{3F39841C-8B34-41BD-B841-0D9A1E549865}"
EndProject
Global
	GlobalSection(SolutionConfigurationPlatforms) = preSolution
		Debug|Any CPU = Debug|Any CPU
		Debug|iPhone = Debug|iPhone
		Debug|iPhoneSimulator = Debug|iPhoneSimulator
		Release|Any CPU = Release|Any CPU
		Release|iPhone = Release|iPhone
		Release|iPhoneSimulator = Release|iPhoneSimulator
	EndGlobalSection
	GlobalSection(ProjectConfigurationPlatforms) = postSolution
		{33CF2D2F-A044-465E-9F38-61444092A3ED}.Debug|Any CPU.ActiveCfg = Debug|Any CPU
		{33CF2D2F-A044-465E-9F38-61444092A3ED}.Debug|Any CPU.Build.0 = Debug|Any CPU
		{33CF2D2F-A044-465E-9F38-61444092A3ED}.Debug|Any CPU.Deploy.0 = Debug|Any CPU
		{33CF2D2F-A044-465E-9F38-61444092A3ED}.Debug|iPhone.ActiveCfg = Debug|Any CPU
		{33CF2D2F-A044-465E-9F38-61444092A3ED}.Debug|iPhone.Build.0 = Debug|Any CPU
		{33CF2D2F-A044-465E-9F38-61444092A3ED}.Debug|iPhone.Deploy.0 = Debug|Any CPU
		{33CF2D2F-A044-465E-9F38-61444092A3ED}.Debug|iPhoneSimulator.ActiveCfg = Debug|Any CPU
		{33CF2D2F-A044-465E-9F38-61444092A3ED}.Debug|iPhoneSimulator.Build.0 = Debug|Any CPU
		{33CF2D2F-A044-465E-9F38-61444092A3ED}.Debug|iPhoneSimulator.Deploy.0 = Debug|Any CPU
		{33CF2D2F-A044-465E-9F38-61444092A3ED}.Release|Any CPU.ActiveCfg = Release|Any CPU
		{33CF2D2F-A044-465E-9F38-61444092A3ED}.Release|Any CPU.Build.0 = Release|Any CPU
		{33CF2D2F-A044-465E-9F38-61444092A3ED}.Release|Any CPU.Deploy.0 = Release|Any CPU
		{33CF2D2F-A044-465E-9F38-61444092A3ED}.Release|iPhone.ActiveCfg = Release|Any CPU
		{33CF2D2F-A044-465E-9F38-61444092A3ED}.Release|iPhone.Build.0 = Release|Any CPU
		{33CF2D2F-A044-465E-9F38-61444092A3ED}.Release|iPhone.Deploy.0 = Release|Any CPU
		{33CF2D2F-A044-465E-9F38-61444092A3ED}.Release|iPhoneSimulator.ActiveCfg = Release|Any CPU
		{33CF2D2F-A044-465E-9F38-61444092A3ED}.Release|iPhoneSimulator.Build.0 = Release|Any CPU
		{33CF2D2F-A044-465E-9F38-61444092A3ED}.Release|iPhoneSimulator.Deploy.0 = Release|Any CPU
		{7DA86C7B-B19F-4F8C-84E3-EF23486E53F3}.Debug|Any CPU.ActiveCfg = Debug|iPhone
		{7DA86C7B-B19F-4F8C-84E3-EF23486E53F3}.Debug|Any CPU.Build.0 = Debug|iPhone
		{7DA86C7B-B19F-4F8C-84E3-EF23486E53F3}.Debug|Any CPU.Deploy.0 = Debug|iPhone
		{7DA86C7B-B19F-4F8C-84E3-EF23486E53F3}.Debug|iPhone.ActiveCfg = Debug|iPhone
		{7DA86C7B-B19F-4F8C-84E3-EF23486E53F3}.Debug|iPhone.Build.0 = Debug|iPhone
		{7DA86C7B-B19F-4F8C-84E3-EF23486E53F3}.Debug|iPhone.Deploy.0 = Debug|iPhone
		{7DA86C7B-B19F-4F8C-84E3-EF23486E53F3}.Debug|iPhoneSimulator.ActiveCfg = Debug|iPhoneSimulator
		{7DA86C7B-B19F-4F8C-84E3-EF23486E53F3}.Debug|iPhoneSimulator.Build.0 = Debug|iPhoneSimulator
		{7DA86C7B-B19F-4F8C-84E3-EF23486E53F3}.Debug|iPhoneSimulator.Deploy.0 = Debug|iPhoneSimulator
		{7DA86C7B-B19F-4F8C-84E3-EF23486E53F3}.Release|Any CPU.ActiveCfg = Release|iPhoneSimulator
		{7DA86C7B-B19F-4F8C-84E3-EF23486E53F3}.Release|Any CPU.Build.0 = Release|iPhoneSimulator
		{7DA86C7B-B19F-4F8C-84E3-EF23486E53F3}.Release|Any CPU.Deploy.0 = Release|iPhoneSimulator
		{7DA86C7B-B19F-4F8C-84E3-EF23486E53F3}.Release|iPhone.ActiveCfg = Release|iPhone
		{7DA86C7B-B19F-4F8C-84E3-EF23486E53F3}.Release|iPhone.Build.0 = Release|iPhone
		{7DA86C7B-B19F-4F8C-84E3-EF23486E53F3}.Release|iPhone.Deploy.0 = Release|iPhone
		{7DA86C7B-B19F-4F8C-84E3-EF23486E53F3}.Release|iPhoneSimulator.ActiveCfg = Release|iPhoneSimulator
		{7DA86C7B-B19F-4F8C-84E3-EF23486E53F3}.Release|iPhoneSimulator.Build.0 = Release|iPhoneSimulator
		{7DA86C7B-B19F-4F8C-84E3-EF23486E53F3}.Release|iPhoneSimulator.Deploy.0 = Release|iPhoneSimulator
		{1E793F39-D252-47B4-8086-5CAE5206180E}.Debug|Any CPU.ActiveCfg = Debug|Any CPU
		{1E793F39-D252-47B4-8086-5CAE5206180E}.Debug|Any CPU.Build.0 = Debug|Any CPU
		{1E793F39-D252-47B4-8086-5CAE5206180E}.Debug|Any CPU.Deploy.0 = Debug|Any CPU
		{1E793F39-D252-47B4-8086-5CAE5206180E}.Debug|iPhone.ActiveCfg = Debug|Any CPU
		{1E793F39-D252-47B4-8086-5CAE5206180E}.Debug|iPhone.Build.0 = Debug|Any CPU
		{1E793F39-D252-47B4-8086-5CAE5206180E}.Debug|iPhone.Deploy.0 = Debug|Any CPU
		{1E793F39-D252-47B4-8086-5CAE5206180E}.Debug|iPhoneSimulator.ActiveCfg = Debug|Any CPU
		{1E793F39-D252-47B4-8086-5CAE5206180E}.Debug|iPhoneSimulator.Build.0 = Debug|Any CPU
		{1E793F39-D252-47B4-8086-5CAE5206180E}.Debug|iPhoneSimulator.Deploy.0 = Debug|Any CPU
		{1E793F39-D252-47B4-8086-5CAE5206180E}.Release|Any CPU.ActiveCfg = Release|Any CPU
		{1E793F39-D252-47B4-8086-5CAE5206180E}.Release|Any CPU.Build.0 = Release|Any CPU
		{1E793F39-D252-47B4-8086-5CAE5206180E}.Release|Any CPU.Deploy.0 = Release|Any CPU
		{1E793F39-D252-47B4-8086-5CAE5206180E}.Release|iPhone.ActiveCfg = Release|Any CPU
		{1E793F39-D252-47B4-8086-5CAE5206180E}.Release|iPhone.Build.0 = Release|Any CPU
		{1E793F39-D252-47B4-8086-5CAE5206180E}.Release|iPhone.Deploy.0 = Release|Any CPU
		{1E793F39-D252-47B4-8086-5CAE5206180E}.Release|iPhoneSimulator.ActiveCfg = Release|Any CPU
		{1E793F39-D252-47B4-8086-5CAE5206180E}.Release|iPhoneSimulator.Build.0 = Release|Any CPU
		{1E793F39-D252-47B4-8086-5CAE5206180E}.Release|iPhoneSimulator.Deploy.0 = Release|Any CPU
		{C510BE0F-5476-489E-A986-4B9A593EFD3A}.Debug|Any CPU.ActiveCfg = Debug|Any CPU
		{C510BE0F-5476-489E-A986-4B9A593EFD3A}.Debug|Any CPU.Build.0 = Debug|Any CPU
		{C510BE0F-5476-489E-A986-4B9A593EFD3A}.Debug|iPhone.ActiveCfg = Debug|Any CPU
		{C510BE0F-5476-489E-A986-4B9A593EFD3A}.Debug|iPhone.Build.0 = Debug|Any CPU
		{C510BE0F-5476-489E-A986-4B9A593EFD3A}.Debug|iPhoneSimulator.ActiveCfg = Debug|Any CPU
		{C510BE0F-5476-489E-A986-4B9A593EFD3A}.Debug|iPhoneSimulator.Build.0 = Debug|Any CPU
		{C510BE0F-5476-489E-A986-4B9A593EFD3A}.Release|Any CPU.ActiveCfg = Release|Any CPU
		{C510BE0F-5476-489E-A986-4B9A593EFD3A}.Release|Any CPU.Build.0 = Release|Any CPU
		{C510BE0F-5476-489E-A986-4B9A593EFD3A}.Release|iPhone.ActiveCfg = Release|Any CPU
		{C510BE0F-5476-489E-A986-4B9A593EFD3A}.Release|iPhone.Build.0 = Release|Any CPU
		{C510BE0F-5476-489E-A986-4B9A593EFD3A}.Release|iPhoneSimulator.ActiveCfg = Release|Any CPU
		{C510BE0F-5476-489E-A986-4B9A593EFD3A}.Release|iPhoneSimulator.Build.0 = Release|Any CPU
		{621224B9-7664-4034-B475-99EEB88FE95C}.Debug|Any CPU.ActiveCfg = Debug|Any CPU
		{621224B9-7664-4034-B475-99EEB88FE95C}.Debug|Any CPU.Build.0 = Debug|Any CPU
		{621224B9-7664-4034-B475-99EEB88FE95C}.Debug|Any CPU.Deploy.0 = Debug|Any CPU
		{621224B9-7664-4034-B475-99EEB88FE95C}.Debug|iPhone.ActiveCfg = Debug|Any CPU
		{621224B9-7664-4034-B475-99EEB88FE95C}.Debug|iPhone.Build.0 = Debug|Any CPU
		{621224B9-7664-4034-B475-99EEB88FE95C}.Debug|iPhone.Deploy.0 = Debug|Any CPU
		{621224B9-7664-4034-B475-99EEB88FE95C}.Debug|iPhoneSimulator.ActiveCfg = Debug|Any CPU
		{621224B9-7664-4034-B475-99EEB88FE95C}.Debug|iPhoneSimulator.Build.0 = Debug|Any CPU
		{621224B9-7664-4034-B475-99EEB88FE95C}.Debug|iPhoneSimulator.Deploy.0 = Debug|Any CPU
		{621224B9-7664-4034-B475-99EEB88FE95C}.Release|Any CPU.ActiveCfg = Release|Any CPU
		{621224B9-7664-4034-B475-99EEB88FE95C}.Release|Any CPU.Build.0 = Release|Any CPU
		{621224B9-7664-4034-B475-99EEB88FE95C}.Release|Any CPU.Deploy.0 = Release|Any CPU
		{621224B9-7664-4034-B475-99EEB88FE95C}.Release|iPhone.ActiveCfg = Release|Any CPU
		{621224B9-7664-4034-B475-99EEB88FE95C}.Release|iPhone.Build.0 = Release|Any CPU
		{621224B9-7664-4034-B475-99EEB88FE95C}.Release|iPhone.Deploy.0 = Release|Any CPU
		{621224B9-7664-4034-B475-99EEB88FE95C}.Release|iPhoneSimulator.ActiveCfg = Release|Any CPU
		{621224B9-7664-4034-B475-99EEB88FE95C}.Release|iPhoneSimulator.Build.0 = Release|Any CPU
		{621224B9-7664-4034-B475-99EEB88FE95C}.Release|iPhoneSimulator.Deploy.0 = Release|Any CPU
		{DBB3BC42-34DB-4471-80FB-084203F6BB2C}.Debug|Any CPU.ActiveCfg = Debug|Any CPU
		{DBB3BC42-34DB-4471-80FB-084203F6BB2C}.Debug|Any CPU.Build.0 = Debug|Any CPU
		{DBB3BC42-34DB-4471-80FB-084203F6BB2C}.Debug|iPhone.ActiveCfg = Debug|Any CPU
		{DBB3BC42-34DB-4471-80FB-084203F6BB2C}.Debug|iPhone.Build.0 = Debug|Any CPU
		{DBB3BC42-34DB-4471-80FB-084203F6BB2C}.Debug|iPhoneSimulator.ActiveCfg = Debug|Any CPU
		{DBB3BC42-34DB-4471-80FB-084203F6BB2C}.Debug|iPhoneSimulator.Build.0 = Debug|Any CPU
		{DBB3BC42-34DB-4471-80FB-084203F6BB2C}.Release|Any CPU.ActiveCfg = Release|Any CPU
		{DBB3BC42-34DB-4471-80FB-084203F6BB2C}.Release|Any CPU.Build.0 = Release|Any CPU
		{DBB3BC42-34DB-4471-80FB-084203F6BB2C}.Release|iPhone.ActiveCfg = Release|Any CPU
		{DBB3BC42-34DB-4471-80FB-084203F6BB2C}.Release|iPhone.Build.0 = Release|Any CPU
		{DBB3BC42-34DB-4471-80FB-084203F6BB2C}.Release|iPhoneSimulator.ActiveCfg = Release|Any CPU
		{DBB3BC42-34DB-4471-80FB-084203F6BB2C}.Release|iPhoneSimulator.Build.0 = Release|Any CPU
		{3F39841C-8B34-41BD-B841-0D9A1E549865}.Debug|Any CPU.ActiveCfg = Debug|Any CPU
		{3F39841C-8B34-41BD-B841-0D9A1E549865}.Debug|Any CPU.Build.0 = Debug|Any CPU
		{3F39841C-8B34-41BD-B841-0D9A1E549865}.Debug|iPhone.ActiveCfg = Debug|Any CPU
		{3F39841C-8B34-41BD-B841-0D9A1E549865}.Debug|iPhone.Build.0 = Debug|Any CPU
		{3F39841C-8B34-41BD-B841-0D9A1E549865}.Debug|iPhoneSimulator.ActiveCfg = Debug|Any CPU
		{3F39841C-8B34-41BD-B841-0D9A1E549865}.Debug|iPhoneSimulator.Build.0 = Debug|Any CPU
		{3F39841C-8B34-41BD-B841-0D9A1E549865}.Release|Any CPU.ActiveCfg = Release|Any CPU
		{3F39841C-8B34-41BD-B841-0D9A1E549865}.Release|Any CPU.Build.0 = Release|Any CPU
		{3F39841C-8B34-41BD-B841-0D9A1E549865}.Release|iPhone.ActiveCfg = Release|Any CPU
		{3F39841C-8B34-41BD-B841-0D9A1E549865}.Release|iPhone.Build.0 = Release|Any CPU
		{3F39841C-8B34-41BD-B841-0D9A1E549865}.Release|iPhoneSimulator.ActiveCfg = Release|Any CPU
		{3F39841C-8B34-41BD-B841-0D9A1E549865}.Release|iPhoneSimulator.Build.0 = Release|Any CPU
	EndGlobalSection
	GlobalSection(SolutionProperties) = preSolution
		HideSolutionNode = FALSE
	EndGlobalSection
	GlobalSection(ExtensibilityGlobals) = postSolution
		SolutionGuid = {B4F57E9E-1C74-428D-817F-02EFCEC3A2E0}
	EndGlobalSection
EndGlobal
