
Microsoft Visual Studio Solution File, Format Version 12.00
# Visual Studio Version 17
VisualStudioVersion = 17.2.32602.215
MinimumVisualStudioVersion = 10.0.40219.1
Project("{FAE04EC0-301F-11D3-BF4B-00C04F79EFBC}") = "GeofenceTest", "GeofenceTest\GeofenceTest.csproj", "{F18C3C0D-0DB3-46A7-B2C8-4160F8EF301F}"
EndProject
Global
	GlobalSection(SolutionConfigurationPlatforms) = preSolution
		Debug|Any CPU = Debug|Any CPU
		Release|Any CPU = Release|Any CPU
	EndGlobalSection
	GlobalSection(ProjectConfigurationPlatforms) = postSolution
		{F18C3C0D-0DB3-46A7-B2C8-4160F8EF301F}.Debug|Any CPU.ActiveCfg = Debug|Any CPU
		{F18C3C0D-0DB3-46A7-B2C8-4160F8EF301F}.Debug|Any CPU.Build.0 = Debug|Any CPU
		{F18C3C0D-0DB3-46A7-B2C8-4160F8EF301F}.Release|Any CPU.ActiveCfg = Release|Any CPU
		{F18C3C0D-0DB3-46A7-B2C8-4160F8EF301F}.Release|Any CPU.Build.0 = Release|Any CPU
	EndGlobalSection
	GlobalSection(SolutionProperties) = preSolution
		HideSolutionNode = FALSE
	EndGlobalSection
	GlobalSection(ExtensibilityGlobals) = postSolution
		SolutionGuid = {C92B332D-0BB2-47FE-9A8F-33A24E663424}
	EndGlobalSection
EndGlobal
